// !$*UTF8*$!
{
	archiveVersion = 1;
	classes = {
	};
	objectVersion = 48;
	objects = {

/* Begin PBXBuildFile section */
		924FC580201B68DE00B4666A /* main.m in Sources */ = {isa = PBXBuildFile; fileRef = 924FC57F201B68DE00B4666A /* main.m */; };
		924FC5B7201B695700B4666A /* movegen.c in Sources */ = {isa = PBXBuildFile; fileRef = 924FC5A2201B695600B4666A /* movegen.c */; };
		924FC5B8201B695700B4666A /* interface.c in Sources */ = {isa = PBXBuildFile; fileRef = 924FC5A4201B695600B4666A /* interface.c */; };
		924FC5B9201B695700B4666A /* testcake.c in Sources */ = {isa = PBXBuildFile; fileRef = 924FC5A5201B695600B4666A /* testcake.c */; };
		924FC5BA201B695700B4666A /* cakepp.c in Sources */ = {isa = PBXBuildFile; fileRef = 924FC5A6201B695600B4666A /* cakepp.c */; };
		924FC5BB201B695700B4666A /* Makefile in Sources */ = {isa = PBXBuildFile; fileRef = 924FC5A8201B695600B4666A /* Makefile */; };
		924FC5BD201B695700B4666A /* book.c in Sources */ = {isa = PBXBuildFile; fileRef = 924FC5AE201B695600B4666A /* book.c */; };
		924FC5BE201B695700B4666A /* db.c in Sources */ = {isa = PBXBuildFile; fileRef = 924FC5B5201B695600B4666A /* db.c */; };
		924FC5C0201B6B4E00B4666A /* xbook.bin in Resources */ = {isa = PBXBuildFile; fileRef = 924FC5A9201B695600B4666A /* xbook.bin */; };
		924FC5C1201B6B4E00B4666A /* db.ini in Resources */ = {isa = PBXBuildFile; fileRef = 924FC5AB201B695600B4666A /* db.ini */; };
		924FC5C2201B6B4E00B4666A /* db4.idx in Resources */ = {isa = PBXBuildFile; fileRef = 924FC5AC201B695600B4666A /* db4.idx */; };
		924FC5C3201B6B4E00B4666A /* db4 in Resources */ = {isa = PBXBuildFile; fileRef = 924FC5B4201B695600B4666A /* db4 */; };
		924FC5C4201B6C2B00B4666A /* db.ini in CopyFiles */ = {isa = PBXBuildFile; fileRef = 924FC5AB201B695600B4666A /* db.ini */; };
		924FC5C5201B6C2B00B4666A /* db4.idx in CopyFiles */ = {isa = PBXBuildFile; fileRef = 924FC5AC201B695600B4666A /* db4.idx */; };
		924FC5C6201B6C2B00B4666A /* db4 in CopyFiles */ = {isa = PBXBuildFile; fileRef = 924FC5B4201B695600B4666A /* db4 */; };
		924FC5C7201B6C3100B4666A /* xbook.bin in CopyFiles */ = {isa = PBXBuildFile; fileRef = 924FC5A9201B695600B4666A /* xbook.bin */; };
		92C8733220120D3F003AC2A5 /* simplech.c in Sources */ = {isa = PBXBuildFile; fileRef = 92C8733020120D3F003AC2A5 /* simplech.c */; };
		92E5815F2018B8700029AE7B /* simplech_test.m in Sources */ = {isa = PBXBuildFile; fileRef = 92E5815E2018B8700029AE7B /* simplech_test.m */; };
		92E581642018B8AB0029AE7B /* simplech.c in Sources */ = {isa = PBXBuildFile; fileRef = 92C8733020120D3F003AC2A5 /* simplech.c */; };
/* End PBXBuildFile section */

/* Begin PBXCopyFilesBuildPhase section */
		924FC57B201B68DE00B4666A /* CopyFiles */ = {
			isa = PBXCopyFilesBuildPhase;
			buildActionMask = 12;
			dstPath = "";
			dstSubfolderSpec = 7;
			files = (
				924FC5C7201B6C3100B4666A /* xbook.bin in CopyFiles */,
				924FC5C4201B6C2B00B4666A /* db.ini in CopyFiles */,
				924FC5C5201B6C2B00B4666A /* db4.idx in CopyFiles */,
				924FC5C6201B6C2B00B4666A /* db4 in CopyFiles */,
			);
			runOnlyForDeploymentPostprocessing = 0;
		};
/* End PBXCopyFilesBuildPhase section */

/* Begin PBXFileReference section */
		924FC57D201B68DE00B4666A /* cake-test-tool */ = {isa = PBXFileReference; explicitFileType = "compiled.mach-o.executable"; includeInIndex = 0; path = "cake-test-tool"; sourceTree = BUILT_PRODUCTS_DIR; };
		924FC57F201B68DE00B4666A /* main.m */ = {isa = PBXFileReference; lastKnownFileType = sourcecode.c.objc; path = main.m; sourceTree = "<group>"; };
		924FC5A2201B695600B4666A /* movegen.c */ = {isa = PBXFileReference; fileEncoding = 4; lastKnownFileType = sourcecode.c.c; path = movegen.c; sourceTree = "<group>"; };
		924FC5A3201B695600B4666A /* book.h */ = {isa = PBXFileReference; fileEncoding = 4; lastKnownFileType = sourcecode.c.h; path = book.h; sourceTree = "<group>"; };
		924FC5A4201B695600B4666A /* interface.c */ = {isa = PBXFileReference; fileEncoding = 4; lastKnownFileType = sourcecode.c.c; path = interface.c; sourceTree = "<group>"; };
		924FC5A5201B695600B4666A /* testcake.c */ = {isa = PBXFileReference; fileEncoding = 4; lastKnownFileType = sourcecode.c.c; path = testcake.c; sourceTree = "<group>"; };
		924FC5A6201B695600B4666A /* cakepp.c */ = {isa = PBXFileReference; fileEncoding = 4; lastKnownFileType = sourcecode.c.c; path = cakepp.c; sourceTree = "<group>"; };
		924FC5A7201B695600B4666A /* db.h */ = {isa = PBXFileReference; fileEncoding = 4; lastKnownFileType = sourcecode.c.h; path = db.h; sourceTree = "<group>"; };
		924FC5A8201B695600B4666A /* Makefile */ = {isa = PBXFileReference; fileEncoding = 4; lastKnownFileType = sourcecode.make; path = Makefile; sourceTree = "<group>"; };
		924FC5A9201B695600B4666A /* xbook.bin */ = {isa = PBXFileReference; lastKnownFileType = archive.macbinary; path = xbook.bin; sourceTree = "<group>"; };
		924FC5AA201B695600B4666A /* ansicake.c */ = {isa = PBXFileReference; fileEncoding = 4; lastKnownFileType = sourcecode.c.c; path = ansicake.c; sourceTree = "<group>"; };
		924FC5AB201B695600B4666A /* db.ini */ = {isa = PBXFileReference; fileEncoding = 4; lastKnownFileType = text; path = db.ini; sourceTree = "<group>"; };
		924FC5AC201B695600B4666A /* db4.idx */ = {isa = PBXFileReference; fileEncoding = 4; lastKnownFileType = text; path = db4.idx; sourceTree = "<group>"; };
		924FC5AD201B695600B4666A /* README */ = {isa = PBXFileReference; fileEncoding = 4; lastKnownFileType = text; path = README; sourceTree = "<group>"; };
		924FC5AE201B695600B4666A /* book.c */ = {isa = PBXFileReference; fileEncoding = 4; lastKnownFileType = sourcecode.c.c; path = book.c; sourceTree = "<group>"; };
		924FC5AF201B695600B4666A /* COPYING */ = {isa = PBXFileReference; fileEncoding = 4; lastKnownFileType = text; path = COPYING; sourceTree = "<group>"; };
		924FC5B0201B695600B4666A /* movegen.h */ = {isa = PBXFileReference; fileEncoding = 4; lastKnownFileType = sourcecode.c.h; path = movegen.h; sourceTree = "<group>"; };
		924FC5B1201B695600B4666A /* cakepp.h */ = {isa = PBXFileReference; fileEncoding = 4; lastKnownFileType = sourcecode.c.h; path = cakepp.h; sourceTree = "<group>"; };
		924FC5B2201B695600B4666A /* consts.h */ = {isa = PBXFileReference; fileEncoding = 4; lastKnownFileType = sourcecode.c.h; path = consts.h; sourceTree = "<group>"; };
		924FC5B3201B695600B4666A /* structs.h */ = {isa = PBXFileReference; fileEncoding = 4; lastKnownFileType = sourcecode.c.h; path = structs.h; sourceTree = "<group>"; };
		924FC5B4201B695600B4666A /* db4 */ = {isa = PBXFileReference; lastKnownFileType = file; path = db4; sourceTree = "<group>"; };
		924FC5B5201B695600B4666A /* db.c */ = {isa = PBXFileReference; fileEncoding = 4; lastKnownFileType = sourcecode.c.c; path = db.c; sourceTree = "<group>"; };
		924FC5B6201B695600B4666A /* switches.h */ = {isa = PBXFileReference; fileEncoding = 4; lastKnownFileType = sourcecode.c.h; path = switches.h; sourceTree = "<group>"; };
		92C87325201209EC003AC2A5 /* simplech.bundle */ = {isa = PBXFileReference; explicitFileType = wrapper.cfbundle; includeInIndex = 0; path = simplech.bundle; sourceTree = BUILT_PRODUCTS_DIR; };
		92C87328201209EC003AC2A5 /* Info.plist */ = {isa = PBXFileReference; lastKnownFileType = text.plist.xml; path = Info.plist; sourceTree = "<group>"; };
		92C8733020120D3F003AC2A5 /* simplech.c */ = {isa = PBXFileReference; lastKnownFileType = sourcecode.c.c; path = simplech.c; sourceTree = "<group>"; };
		92C8733120120D3F003AC2A5 /* simplech.h */ = {isa = PBXFileReference; lastKnownFileType = sourcecode.c.h; path = simplech.h; sourceTree = "<group>"; };
		92E5815C2018B8700029AE7B /* simplech-test.xctest */ = {isa = PBXFileReference; explicitFileType = wrapper.cfbundle; includeInIndex = 0; path = "simplech-test.xctest"; sourceTree = BUILT_PRODUCTS_DIR; };
		92E5815E2018B8700029AE7B /* simplech_test.m */ = {isa = PBXFileReference; lastKnownFileType = sourcecode.c.objc; path = simplech_test.m; sourceTree = "<group>"; };
		92E581602018B8700029AE7B /* Info.plist */ = {isa = PBXFileReference; lastKnownFileType = text.plist.xml; path = Info.plist; sourceTree = "<group>"; };
/* End PBXFileReference section */

/* Begin PBXFrameworksBuildPhase section */
		924FC57A201B68DE00B4666A /* Frameworks */ = {
			isa = PBXFrameworksBuildPhase;
			buildActionMask = 2147483647;
			files = (
			);
			runOnlyForDeploymentPostprocessing = 0;
		};
		92C87322201209EC003AC2A5 /* Frameworks */ = {
			isa = PBXFrameworksBuildPhase;
			buildActionMask = 2147483647;
			files = (
			);
			runOnlyForDeploymentPostprocessing = 0;
		};
		92E581592018B8700029AE7B /* Frameworks */ = {
			isa = PBXFrameworksBuildPhase;
			buildActionMask = 2147483647;
			files = (
			);
			runOnlyForDeploymentPostprocessing = 0;
		};
/* End PBXFrameworksBuildPhase section */

/* Begin PBXGroup section */
		924FC57E201B68DE00B4666A /* cake-test-tool */ = {
			isa = PBXGroup;
			children = (
				924FC57F201B68DE00B4666A /* main.m */,
			);
			path = "cake-test-tool";
			sourceTree = "<group>";
		};
		924FC5A1201B695600B4666A /* cake-1.20 */ = {
			isa = PBXGroup;
			children = (
				924FC5AA201B695600B4666A /* ansicake.c */,
				924FC5B6201B695600B4666A /* switches.h */,
				924FC5B2201B695600B4666A /* consts.h */,
				924FC5B3201B695600B4666A /* structs.h */,
				924FC5A4201B695600B4666A /* interface.c */,
				924FC5A5201B695600B4666A /* testcake.c */,
				924FC5B1201B695600B4666A /* cakepp.h */,
				924FC5A6201B695600B4666A /* cakepp.c */,
				924FC5A7201B695600B4666A /* db.h */,
				924FC5B5201B695600B4666A /* db.c */,
				924FC5A3201B695600B4666A /* book.h */,
				924FC5AE201B695600B4666A /* book.c */,
				924FC5B0201B695600B4666A /* movegen.h */,
				924FC5A2201B695600B4666A /* movegen.c */,
				924FC5A9201B695600B4666A /* xbook.bin */,
				924FC5AB201B695600B4666A /* db.ini */,
				924FC5AC201B695600B4666A /* db4.idx */,
				924FC5B4201B695600B4666A /* db4 */,
				924FC5A8201B695600B4666A /* Makefile */,
				924FC5AF201B695600B4666A /* COPYING */,
				924FC5AD201B695600B4666A /* README */,
			);
			path = "cake-1.20";
			sourceTree = "<group>";
		};
		92C8731C201209EC003AC2A5 = {
			isa = PBXGroup;
			children = (
				92C87327201209EC003AC2A5 /* simplech */,
				92E5815D2018B8700029AE7B /* simplech-test */,
				924FC5A1201B695600B4666A /* cake-1.20 */,
				924FC57E201B68DE00B4666A /* cake-test-tool */,
				92C87326201209EC003AC2A5 /* Products */,
			);
			sourceTree = "<group>";
		};
		92C87326201209EC003AC2A5 /* Products */ = {
			isa = PBXGroup;
			children = (
				92C87325201209EC003AC2A5 /* simplech.bundle */,
				92E5815C2018B8700029AE7B /* simplech-test.xctest */,
				924FC57D201B68DE00B4666A /* cake-test-tool */,
			);
			name = Products;
			sourceTree = "<group>";
		};
		92C87327201209EC003AC2A5 /* simplech */ = {
			isa = PBXGroup;
			children = (
				92C87328201209EC003AC2A5 /* Info.plist */,
				92C8733120120D3F003AC2A5 /* simplech.h */,
				92C8733020120D3F003AC2A5 /* simplech.c */,
			);
			path = simplech;
			sourceTree = "<group>";
		};
		92E5815D2018B8700029AE7B /* simplech-test */ = {
			isa = PBXGroup;
			children = (
				92E5815E2018B8700029AE7B /* simplech_test.m */,
				92E581602018B8700029AE7B /* Info.plist */,
			);
			path = "simplech-test";
			sourceTree = "<group>";
		};
/* End PBXGroup section */

/* Begin PBXNativeTarget section */
		924FC57C201B68DE00B4666A /* cake-test-tool */ = {
			isa = PBXNativeTarget;
			buildConfigurationList = 924FC581201B68DE00B4666A /* Build configuration list for PBXNativeTarget "cake-test-tool" */;
			buildPhases = (
				924FC579201B68DE00B4666A /* Sources */,
				924FC57A201B68DE00B4666A /* Frameworks */,
				924FC57B201B68DE00B4666A /* CopyFiles */,
				924FC5BF201B6B3900B4666A /* Resources */,
			);
			buildRules = (
			);
			dependencies = (
			);
			name = "cake-test-tool";
			productName = "cake-test-tool";
			productReference = 924FC57D201B68DE00B4666A /* cake-test-tool */;
			productType = "com.apple.product-type.tool";
		};
		92C87324201209EC003AC2A5 /* simplech */ = {
			isa = PBXNativeTarget;
			buildConfigurationList = 92C8732B201209EC003AC2A5 /* Build configuration list for PBXNativeTarget "simplech" */;
			buildPhases = (
				92C87321201209EC003AC2A5 /* Sources */,
				92C87322201209EC003AC2A5 /* Frameworks */,
				92C87323201209EC003AC2A5 /* Resources */,
			);
			buildRules = (
			);
			dependencies = (
			);
			name = simplech;
			productName = simplech;
			productReference = 92C87325201209EC003AC2A5 /* simplech.bundle */;
			productType = "com.apple.product-type.bundle";
		};
		92E5815B2018B8700029AE7B /* simplech-test */ = {
			isa = PBXNativeTarget;
			buildConfigurationList = 92E581612018B8700029AE7B /* Build configuration list for PBXNativeTarget "simplech-test" */;
			buildPhases = (
				92E581582018B8700029AE7B /* Sources */,
				92E581592018B8700029AE7B /* Frameworks */,
				92E5815A2018B8700029AE7B /* Resources */,
			);
			buildRules = (
			);
			dependencies = (
			);
			name = "simplech-test";
			productName = "simplech-test";
			productReference = 92E5815C2018B8700029AE7B /* simplech-test.xctest */;
			productType = "com.apple.product-type.bundle.unit-test";
		};
/* End PBXNativeTarget section */

/* Begin PBXProject section */
		92C8731D201209EC003AC2A5 /* Project object */ = {
			isa = PBXProject;
			attributes = {
				LastUpgradeCheck = 0910;
				ORGANIZATIONNAME = org;
				TargetAttributes = {
					924FC57C201B68DE00B4666A = {
						CreatedOnToolsVersion = 9.2;
						ProvisioningStyle = Automatic;
					};
					92C87324201209EC003AC2A5 = {
						CreatedOnToolsVersion = 9.1;
						ProvisioningStyle = Automatic;
					};
					92E5815B2018B8700029AE7B = {
						CreatedOnToolsVersion = 9.2;
						ProvisioningStyle = Automatic;
					};
				};
			};
			buildConfigurationList = 92C87320201209EC003AC2A5 /* Build configuration list for PBXProject "simplech" */;
			compatibilityVersion = "Xcode 8.0";
			developmentRegion = en;
			hasScannedForEncodings = 0;
			knownRegions = (
				en,
			);
			mainGroup = 92C8731C201209EC003AC2A5;
			productRefGroup = 92C87326201209EC003AC2A5 /* Products */;
			projectDirPath = "";
			projectRoot = "";
			targets = (
				92C87324201209EC003AC2A5 /* simplech */,
				92E5815B2018B8700029AE7B /* simplech-test */,
				924FC57C201B68DE00B4666A /* cake-test-tool */,
			);
		};
/* End PBXProject section */

/* Begin PBXResourcesBuildPhase section */
		924FC5BF201B6B3900B4666A /* Resources */ = {
			isa = PBXResourcesBuildPhase;
			buildActionMask = 2147483647;
			files = (
				924FC5C0201B6B4E00B4666A /* xbook.bin in Resources */,
				924FC5C1201B6B4E00B4666A /* db.ini in Resources */,
				924FC5C2201B6B4E00B4666A /* db4.idx in Resources */,
				924FC5C3201B6B4E00B4666A /* db4 in Resources */,
			);
			runOnlyForDeploymentPostprocessing = 0;
		};
		92C87323201209EC003AC2A5 /* Resources */ = {
			isa = PBXResourcesBuildPhase;
			buildActionMask = 2147483647;
			files = (
			);
			runOnlyForDeploymentPostprocessing = 0;
		};
		92E5815A2018B8700029AE7B /* Resources */ = {
			isa = PBXResourcesBuildPhase;
			buildActionMask = 2147483647;
			files = (
			);
			runOnlyForDeploymentPostprocessing = 0;
		};
/* End PBXResourcesBuildPhase section */

/* Begin PBXSourcesBuildPhase section */
		924FC579201B68DE00B4666A /* Sources */ = {
			isa = PBXSourcesBuildPhase;
			buildActionMask = 2147483647;
			files = (
				924FC5BB201B695700B4666A /* Makefile in Sources */,
				924FC580201B68DE00B4666A /* main.m in Sources */,
				924FC5BD201B695700B4666A /* book.c in Sources */,
				924FC5BE201B695700B4666A /* db.c in Sources */,
				924FC5B8201B695700B4666A /* interface.c in Sources */,
				924FC5B7201B695700B4666A /* movegen.c in Sources */,
				924FC5BA201B695700B4666A /* cakepp.c in Sources */,
				924FC5B9201B695700B4666A /* testcake.c in Sources */,
			);
			runOnlyForDeploymentPostprocessing = 0;
		};
		92C87321201209EC003AC2A5 /* Sources */ = {
			isa = PBXSourcesBuildPhase;
			buildActionMask = 2147483647;
			files = (
				92C8733220120D3F003AC2A5 /* simplech.c in Sources */,
			);
			runOnlyForDeploymentPostprocessing = 0;
		};
		92E581582018B8700029AE7B /* Sources */ = {
			isa = PBXSourcesBuildPhase;
			buildActionMask = 2147483647;
			files = (
				92E581642018B8AB0029AE7B /* simplech.c in Sources */,
				92E5815F2018B8700029AE7B /* simplech_test.m in Sources */,
			);
			runOnlyForDeploymentPostprocessing = 0;
		};
/* End PBXSourcesBuildPhase section */

/* Begin XCBuildConfiguration section */
		924FC582201B68DE00B4666A /* Debug */ = {
			isa = XCBuildConfiguration;
			buildSettings = {
				CODE_SIGN_STYLE = Automatic;
				DEVELOPMENT_TEAM = 43663733CZ;
				GCC_PREPROCESSOR_DEFINITIONS = (
					"DEBUG=1",
					"$(inherited)",
					"SYS_MACOS=1",
				);
				PRODUCT_NAME = "$(TARGET_NAME)";
			};
			name = Debug;
		};
		924FC583201B68DE00B4666A /* Release */ = {
			isa = XCBuildConfiguration;
			buildSettings = {
				CODE_SIGN_STYLE = Automatic;
				DEVELOPMENT_TEAM = 43663733CZ;
				GCC_PREPROCESSOR_DEFINITIONS = "SYS_MACOS=1";
				PRODUCT_NAME = "$(TARGET_NAME)";
			};
			name = Release;
		};
		92C87329201209EC003AC2A5 /* Debug */ = {
			isa = XCBuildConfiguration;
			buildSettings = {
				ALWAYS_SEARCH_USER_PATHS = NO;
				CLANG_ANALYZER_NONNULL = YES;
				CLANG_ANALYZER_NUMBER_OBJECT_CONVERSION = YES_AGGRESSIVE;
				CLANG_CXX_LANGUAGE_STANDARD = "gnu++14";
				CLANG_CXX_LIBRARY = "libc++";
				CLANG_ENABLE_MODULES = YES;
				CLANG_ENABLE_OBJC_ARC = YES;
				CLANG_WARN_BLOCK_CAPTURE_AUTORELEASING = YES;
				CLANG_WARN_BOOL_CONVERSION = YES;
				CLANG_WARN_COMMA = YES;
				CLANG_WARN_CONSTANT_CONVERSION = YES;
				CLANG_WARN_DIRECT_OBJC_ISA_USAGE = YES_ERROR;
				CLANG_WARN_DOCUMENTATION_COMMENTS = YES;
				CLANG_WARN_EMPTY_BODY = YES;
				CLANG_WARN_ENUM_CONVERSION = YES;
				CLANG_WARN_INFINITE_RECURSION = YES;
				CLANG_WARN_INT_CONVERSION = YES;
				CLANG_WARN_NON_LITERAL_NULL_CONVERSION = YES;
				CLANG_WARN_OBJC_LITERAL_CONVERSION = YES;
				CLANG_WARN_OBJC_ROOT_CLASS = YES_ERROR;
				CLANG_WARN_RANGE_LOOP_ANALYSIS = YES;
				CLANG_WARN_STRICT_PROTOTYPES = YES;
				CLANG_WARN_SUSPICIOUS_MOVE = YES;
				CLANG_WARN_UNGUARDED_AVAILABILITY = YES_AGGRESSIVE;
				CLANG_WARN_UNREACHABLE_CODE = YES;
				CLANG_WARN__DUPLICATE_METHOD_MATCH = YES;
				CODE_SIGN_IDENTITY = "Mac Developer";
				COPY_PHASE_STRIP = NO;
				DEBUG_INFORMATION_FORMAT = dwarf;
				ENABLE_STRICT_OBJC_MSGSEND = YES;
				ENABLE_TESTABILITY = YES;
				GCC_C_LANGUAGE_STANDARD = gnu11;
				GCC_DYNAMIC_NO_PIC = NO;
				GCC_NO_COMMON_BLOCKS = YES;
				GCC_OPTIMIZATION_LEVEL = 0;
				GCC_PREPROCESSOR_DEFINITIONS = (
					"DEBUG=1",
					"$(inherited)",
				);
				GCC_WARN_64_TO_32_BIT_CONVERSION = YES;
				GCC_WARN_ABOUT_RETURN_TYPE = YES_ERROR;
				GCC_WARN_UNDECLARED_SELECTOR = YES;
				GCC_WARN_UNINITIALIZED_AUTOS = YES_AGGRESSIVE;
				GCC_WARN_UNUSED_FUNCTION = YES;
				GCC_WARN_UNUSED_VARIABLE = YES;
				MACOSX_DEPLOYMENT_TARGET = 10.13;
				MTL_ENABLE_DEBUG_INFO = YES;
				ONLY_ACTIVE_ARCH = YES;
				SDKROOT = macosx;
			};
			name = Debug;
		};
		92C8732A201209EC003AC2A5 /* Release */ = {
			isa = XCBuildConfiguration;
			buildSettings = {
				ALWAYS_SEARCH_USER_PATHS = NO;
				CLANG_ANALYZER_NONNULL = YES;
				CLANG_ANALYZER_NUMBER_OBJECT_CONVERSION = YES_AGGRESSIVE;
				CLANG_CXX_LANGUAGE_STANDARD = "gnu++14";
				CLANG_CXX_LIBRARY = "libc++";
				CLANG_ENABLE_MODULES = YES;
				CLANG_ENABLE_OBJC_ARC = YES;
				CLANG_WARN_BLOCK_CAPTURE_AUTORELEASING = YES;
				CLANG_WARN_BOOL_CONVERSION = YES;
				CLANG_WARN_COMMA = YES;
				CLANG_WARN_CONSTANT_CONVERSION = YES;
				CLANG_WARN_DIRECT_OBJC_ISA_USAGE = YES_ERROR;
				CLANG_WARN_DOCUMENTATION_COMMENTS = YES;
				CLANG_WARN_EMPTY_BODY = YES;
				CLANG_WARN_ENUM_CONVERSION = YES;
				CLANG_WARN_INFINITE_RECURSION = YES;
				CLANG_WARN_INT_CONVERSION = YES;
				CLANG_WARN_NON_LITERAL_NULL_CONVERSION = YES;
				CLANG_WARN_OBJC_LITERAL_CONVERSION = YES;
				CLANG_WARN_OBJC_ROOT_CLASS = YES_ERROR;
				CLANG_WARN_RANGE_LOOP_ANALYSIS = YES;
				CLANG_WARN_STRICT_PROTOTYPES = YES;
				CLANG_WARN_SUSPICIOUS_MOVE = YES;
				CLANG_WARN_UNGUARDED_AVAILABILITY = YES_AGGRESSIVE;
				CLANG_WARN_UNREACHABLE_CODE = YES;
				CLANG_WARN__DUPLICATE_METHOD_MATCH = YES;
				CODE_SIGN_IDENTITY = "Mac Developer";
				COPY_PHASE_STRIP = NO;
				DEBUG_INFORMATION_FORMAT = "dwarf-with-dsym";
				ENABLE_NS_ASSERTIONS = NO;
				ENABLE_STRICT_OBJC_MSGSEND = YES;
				GCC_C_LANGUAGE_STANDARD = gnu11;
				GCC_NO_COMMON_BLOCKS = YES;
				GCC_WARN_64_TO_32_BIT_CONVERSION = YES;
				GCC_WARN_ABOUT_RETURN_TYPE = YES_ERROR;
				GCC_WARN_UNDECLARED_SELECTOR = YES;
				GCC_WARN_UNINITIALIZED_AUTOS = YES_AGGRESSIVE;
				GCC_WARN_UNUSED_FUNCTION = YES;
				GCC_WARN_UNUSED_VARIABLE = YES;
				MACOSX_DEPLOYMENT_TARGET = 10.13;
				MTL_ENABLE_DEBUG_INFO = NO;
				SDKROOT = macosx;
			};
			name = Release;
		};
		92C8732C201209EC003AC2A5 /* Debug */ = {
			isa = XCBuildConfiguration;
			buildSettings = {
				CODE_SIGN_STYLE = Automatic;
				COMBINE_HIDPI_IMAGES = YES;
				DEVELOPMENT_TEAM = 43663733CZ;
				INFOPLIST_FILE = simplech/Info.plist;
				INSTALL_PATH = "$(LOCAL_LIBRARY_DIR)/Bundles";
				PRODUCT_BUNDLE_IDENTIFIER = ru.org.simplech;
				PRODUCT_NAME = "$(TARGET_NAME)";
				SKIP_INSTALL = YES;
				SUPPORTED_PLATFORMS = macosx;
				WRAPPER_EXTENSION = bundle;
			};
			name = Debug;
		};
		92C8732D201209EC003AC2A5 /* Release */ = {
			isa = XCBuildConfiguration;
			buildSettings = {
				CODE_SIGN_STYLE = Automatic;
				COMBINE_HIDPI_IMAGES = YES;
				DEVELOPMENT_TEAM = 43663733CZ;
				INFOPLIST_FILE = simplech/Info.plist;
				INSTALL_PATH = "$(LOCAL_LIBRARY_DIR)/Bundles";
				PRODUCT_BUNDLE_IDENTIFIER = ru.org.simplech;
				PRODUCT_NAME = "$(TARGET_NAME)";
				SKIP_INSTALL = YES;
				SUPPORTED_PLATFORMS = macosx;
				WRAPPER_EXTENSION = bundle;
			};
			name = Release;
		};
		92E581622018B8700029AE7B /* Debug */ = {
			isa = XCBuildConfiguration;
			buildSettings = {
				CODE_SIGN_STYLE = Automatic;
				COMBINE_HIDPI_IMAGES = YES;
				DEVELOPMENT_TEAM = 43663733CZ;
				INFOPLIST_FILE = "simplech-test/Info.plist";
				LD_RUNPATH_SEARCH_PATHS = "$(inherited) @executable_path/../Frameworks @loader_path/../Frameworks";
				PRODUCT_BUNDLE_IDENTIFIER = "ru.org.simplech-test";
				PRODUCT_NAME = "$(TARGET_NAME)";
			};
			name = Debug;
		};
		92E581632018B8700029AE7B /* Release */ = {
			isa = XCBuildConfiguration;
			buildSettings = {
				CODE_SIGN_STYLE = Automatic;
				COMBINE_HIDPI_IMAGES = YES;
				DEVELOPMENT_TEAM = 43663733CZ;
				INFOPLIST_FILE = "simplech-test/Info.plist";
				LD_RUNPATH_SEARCH_PATHS = "$(inherited) @executable_path/../Frameworks @loader_path/../Frameworks";
				PRODUCT_BUNDLE_IDENTIFIER = "ru.org.simplech-test";
				PRODUCT_NAME = "$(TARGET_NAME)";
			};
			name = Release;
		};
/* End XCBuildConfiguration section */

/* Begin XCConfigurationList section */
		924FC581201B68DE00B4666A /* Build configuration list for PBXNativeTarget "cake-test-tool" */ = {
			isa = XCConfigurationList;
			buildConfigurations = (
				924FC582201B68DE00B4666A /* Debug */,
				924FC583201B68DE00B4666A /* Release */,
			);
			defaultConfigurationIsVisible = 0;
			defaultConfigurationName = Release;
		};
		92C87320201209EC003AC2A5 /* Build configuration list for PBXProject "simplech" */ = {
			isa = XCConfigurationList;
			buildConfigurations = (
				92C87329201209EC003AC2A5 /* Debug */,
				92C8732A201209EC003AC2A5 /* Release */,
			);
			defaultConfigurationIsVisible = 0;
			defaultConfigurationName = Release;
		};
		92C8732B201209EC003AC2A5 /* Build configuration list for PBXNativeTarget "simplech" */ = {
			isa = XCConfigurationList;
			buildConfigurations = (
				92C8732C201209EC003AC2A5 /* Debug */,
				92C8732D201209EC003AC2A5 /* Release */,
			);
			defaultConfigurationIsVisible = 0;
			defaultConfigurationName = Release;
		};
		92E581612018B8700029AE7B /* Build configuration list for PBXNativeTarget "simplech-test" */ = {
			isa = XCConfigurationList;
			buildConfigurations = (
				92E581622018B8700029AE7B /* Debug */,
				92E581632018B8700029AE7B /* Release */,
			);
			defaultConfigurationIsVisible = 0;
			defaultConfigurationName = Release;
		};
/* End XCConfigurationList section */
	};
	rootObject = 92C8731D201209EC003AC2A5 /* Project object */;
}
